
Microsoft Visual Studio Solution File, Format Version 12.00
# Visual Studio Version 16
VisualStudioVersion = 16.0.29613.14
MinimumVisualStudioVersion = 10.0.40219.1
Project("{9A19103F-16F7-4668-BE54-9A1E7A4F7556}") = "CommunicationsCompany.Web", "CommunicationsCompany.Web\CommunicationsCompany.Web.csproj", "{3572460E-DDE4-438F-B060-D2B86840389B}"
EndProject
Project("{FAE04EC0-301F-11D3-BF4B-00C04F79EFBC}") = "CommunicationsCompany.Application", "CommunicationsCompany.Application\CommunicationsCompany.Application.csproj", "{80DBFA75-5E6F-49DB-B4D2-97E74711588E}"
EndProject
Project("{FAE04EC0-301F-11D3-BF4B-00C04F79EFBC}") = "CommunicationsCompany.Domain", "CommunicationsCompany.Domain\CommunicationsCompany.Domain.csproj", "{D10DCE81-D4F7-45D0-BAFE-81F019A0F325}"
EndProject
Project("{FAE04EC0-301F-11D3-BF4B-00C04F79EFBC}") = "CommunicationsCompany.Infrastructure", "CommunicationsCompany.Infrastructure\CommunicationsCompany.Infrastructure.csproj", "{B13895F2-9CE5-4CFF-B10E-5040CF565568}"
EndProject
Project("{FAE04EC0-301F-11D3-BF4B-00C04F79EFBC}") = "CommunicationsCompany.Persistance", "CommunicationsCompany.Persistance\CommunicationsCompany.Persistance.csproj", "{6B677ACC-03E5-4D3B-8CC8-107D5082081E}"
EndProject
Global
	GlobalSection(SolutionConfigurationPlatforms) = preSolution
		Debug|Any CPU = Debug|Any CPU
		Release|Any CPU = Release|Any CPU
	EndGlobalSection
	GlobalSection(ProjectConfigurationPlatforms) = postSolution
		{3572460E-DDE4-438F-B060-D2B86840389B}.Debug|Any CPU.ActiveCfg = Debug|Any CPU
		{3572460E-DDE4-438F-B060-D2B86840389B}.Debug|Any CPU.Build.0 = Debug|Any CPU
		{3572460E-DDE4-438F-B060-D2B86840389B}.Release|Any CPU.ActiveCfg = Release|Any CPU
		{3572460E-DDE4-438F-B060-D2B86840389B}.Release|Any CPU.Build.0 = Release|Any CPU
		{80DBFA75-5E6F-49DB-B4D2-97E74711588E}.Debug|Any CPU.ActiveCfg = Debug|Any CPU
		{80DBFA75-5E6F-49DB-B4D2-97E74711588E}.Debug|Any CPU.Build.0 = Debug|Any CPU
		{80DBFA75-5E6F-49DB-B4D2-97E74711588E}.Release|Any CPU.ActiveCfg = Release|Any CPU
		{80DBFA75-5E6F-49DB-B4D2-97E74711588E}.Release|Any CPU.Build.0 = Release|Any CPU
		{D10DCE81-D4F7-45D0-BAFE-81F019A0F325}.Debug|Any CPU.ActiveCfg = Debug|Any CPU
		{D10DCE81-D4F7-45D0-BAFE-81F019A0F325}.Debug|Any CPU.Build.0 = Debug|Any CPU
		{D10DCE81-D4F7-45D0-BAFE-81F019A0F325}.Release|Any CPU.ActiveCfg = Release|Any CPU
		{D10DCE81-D4F7-45D0-BAFE-81F019A0F325}.Release|Any CPU.Build.0 = Release|Any CPU
		{B13895F2-9CE5-4CFF-B10E-5040CF565568}.Debug|Any CPU.ActiveCfg = Debug|Any CPU
		{B13895F2-9CE5-4CFF-B10E-5040CF565568}.Debug|Any CPU.Build.0 = Debug|Any CPU
		{B13895F2-9CE5-4CFF-B10E-5040CF565568}.Release|Any CPU.ActiveCfg = Release|Any CPU
		{B13895F2-9CE5-4CFF-B10E-5040CF565568}.Release|Any CPU.Build.0 = Release|Any CPU
		{6B677ACC-03E5-4D3B-8CC8-107D5082081E}.Debug|Any CPU.ActiveCfg = Debug|Any CPU
		{6B677ACC-03E5-4D3B-8CC8-107D5082081E}.Debug|Any CPU.Build.0 = Debug|Any CPU
		{6B677ACC-03E5-4D3B-8CC8-107D5082081E}.Release|Any CPU.ActiveCfg = Release|Any CPU
		{6B677ACC-03E5-4D3B-8CC8-107D5082081E}.Release|Any CPU.Build.0 = Release|Any CPU
	EndGlobalSection
	GlobalSection(SolutionProperties) = preSolution
		HideSolutionNode = FALSE
	EndGlobalSection
	GlobalSection(ExtensibilityGlobals) = postSolution
		SolutionGuid = {7ADE98BA-98BE-430C-BCE4-4D74FFA0569A}
	EndGlobalSection
EndGlobal
